// !$*UTF8*$!
{
	archiveVersion = 1;
	classes = {
	};
	objectVersion = 52;
	objects = {

/* Begin PBXBuildFile section */
		7F034FA226D1A61E00B46D77 /* BreakingBadFansAppApp.swift in Sources */ = {isa = PBXBuildFile; fileRef = 7F034FA126D1A61E00B46D77 /* BreakingBadFansAppApp.swift */; };
		7F034FA626D1A62300B46D77 /* Assets.xcassets in Resources */ = {isa = PBXBuildFile; fileRef = 7F034FA526D1A62300B46D77 /* Assets.xcassets */; };
		7F034FA926D1A62300B46D77 /* Preview Assets.xcassets in Resources */ = {isa = PBXBuildFile; fileRef = 7F034FA826D1A62300B46D77 /* Preview Assets.xcassets */; };
		7F034FB626D1EF8200B46D77 /* Character.swift in Sources */ = {isa = PBXBuildFile; fileRef = 7F034FB526D1EF8200B46D77 /* Character.swift */; };
		7F034FBA26D1EF9100B46D77 /* Episode.swift in Sources */ = {isa = PBXBuildFile; fileRef = 7F034FB926D1EF9100B46D77 /* Episode.swift */; };
		7F034FBD26D2994000B46D77 /* CharacterViewModel.swift in Sources */ = {isa = PBXBuildFile; fileRef = 7F034FBC26D2994000B46D77 /* CharacterViewModel.swift */; };
		7F034FC026D29AF900B46D77 /* CharactersView.swift in Sources */ = {isa = PBXBuildFile; fileRef = 7F034FBF26D29AF900B46D77 /* CharactersView.swift */; };
		7F034FC426D29D6C00B46D77 /* SDWebImage in Frameworks */ = {isa = PBXBuildFile; productRef = 7F034FC326D29D6C00B46D77 /* SDWebImage */; };
		7F034FC826D29D8C00B46D77 /* SDWebImageSwiftUI in Frameworks */ = {isa = PBXBuildFile; productRef = 7F034FC726D29D8C00B46D77 /* SDWebImageSwiftUI */; };
		7F034FD026D2A27600B46D77 /* CharacterDetailView.swift in Sources */ = {isa = PBXBuildFile; fileRef = 7F034FCF26D2A27600B46D77 /* CharacterDetailView.swift */; };
		7F034FD326D2B64100B46D77 /* EpisodesView.swift in Sources */ = {isa = PBXBuildFile; fileRef = 7F034FD226D2B64100B46D77 /* EpisodesView.swift */; };
		7F034FD626D2B6C600B46D77 /* EpisodesViewModel.swift in Sources */ = {isa = PBXBuildFile; fileRef = 7F034FD526D2B6C600B46D77 /* EpisodesViewModel.swift */; };
/* End PBXBuildFile section */

/* Begin PBXFileReference section */
		7F034F9E26D1A61E00B46D77 /* BreakingBadFansApp.app */ = {isa = PBXFileReference; explicitFileType = wrapper.application; includeInIndex = 0; path = BreakingBadFansApp.app; sourceTree = BUILT_PRODUCTS_DIR; };
		7F034FA126D1A61E00B46D77 /* BreakingBadFansAppApp.swift */ = {isa = PBXFileReference; lastKnownFileType = sourcecode.swift; path = BreakingBadFansAppApp.swift; sourceTree = "<group>"; };
		7F034FA526D1A62300B46D77 /* Assets.xcassets */ = {isa = PBXFileReference; lastKnownFileType = folder.assetcatalog; path = Assets.xcassets; sourceTree = "<group>"; };
		7F034FA826D1A62300B46D77 /* Preview Assets.xcassets */ = {isa = PBXFileReference; lastKnownFileType = folder.assetcatalog; path = "Preview Assets.xcassets"; sourceTree = "<group>"; };
		7F034FAA26D1A62300B46D77 /* Info.plist */ = {isa = PBXFileReference; lastKnownFileType = text.plist.xml; path = Info.plist; sourceTree = "<group>"; };
		7F034FB526D1EF8200B46D77 /* Character.swift */ = {isa = PBXFileReference; lastKnownFileType = sourcecode.swift; path = Character.swift; sourceTree = "<group>"; };
		7F034FB926D1EF9100B46D77 /* Episode.swift */ = {isa = PBXFileReference; lastKnownFileType = sourcecode.swift; path = Episode.swift; sourceTree = "<group>"; };
		7F034FBC26D2994000B46D77 /* CharacterViewModel.swift */ = {isa = PBXFileReference; lastKnownFileType = sourcecode.swift; path = CharacterViewModel.swift; sourceTree = "<group>"; };
		7F034FBF26D29AF900B46D77 /* CharactersView.swift */ = {isa = PBXFileReference; lastKnownFileType = sourcecode.swift; path = CharactersView.swift; sourceTree = "<group>"; };
		7F034FCF26D2A27600B46D77 /* CharacterDetailView.swift */ = {isa = PBXFileReference; lastKnownFileType = sourcecode.swift; path = CharacterDetailView.swift; sourceTree = "<group>"; };
		7F034FD226D2B64100B46D77 /* EpisodesView.swift */ = {isa = PBXFileReference; lastKnownFileType = sourcecode.swift; path = EpisodesView.swift; sourceTree = "<group>"; };
		7F034FD526D2B6C600B46D77 /* EpisodesViewModel.swift */ = {isa = PBXFileReference; lastKnownFileType = sourcecode.swift; path = EpisodesViewModel.swift; sourceTree = "<group>"; };
/* End PBXFileReference section */

/* Begin PBXFrameworksBuildPhase section */
		7F034F9B26D1A61E00B46D77 /* Frameworks */ = {
			isa = PBXFrameworksBuildPhase;
			buildActionMask = 2147483647;
			files = (
				7F034FC826D29D8C00B46D77 /* SDWebImageSwiftUI in Frameworks */,
				7F034FC426D29D6C00B46D77 /* SDWebImage in Frameworks */,
			);
			runOnlyForDeploymentPostprocessing = 0;
		};
/* End PBXFrameworksBuildPhase section */

/* Begin PBXGroup section */
		7F034F9526D1A61E00B46D77 = {
			isa = PBXGroup;
			children = (
				7F034FA026D1A61E00B46D77 /* BreakingBadFansApp */,
				7F034F9F26D1A61E00B46D77 /* Products */,
			);
			sourceTree = "<group>";
		};
		7F034F9F26D1A61E00B46D77 /* Products */ = {
			isa = PBXGroup;
			children = (
				7F034F9E26D1A61E00B46D77 /* BreakingBadFansApp.app */,
			);
			name = Products;
			sourceTree = "<group>";
		};
		7F034FA026D1A61E00B46D77 /* BreakingBadFansApp */ = {
			isa = PBXGroup;
			children = (
				7F034FB426D1EE4800B46D77 /* ViewModels */,
				7F034FB326D1EE3A00B46D77 /* Views */,
				7F034FB226D1EDE300B46D77 /* Models */,
				7F034FA126D1A61E00B46D77 /* BreakingBadFansAppApp.swift */,
				7F034FA526D1A62300B46D77 /* Assets.xcassets */,
				7F034FAA26D1A62300B46D77 /* Info.plist */,
				7F034FA726D1A62300B46D77 /* Preview Content */,
			);
			path = BreakingBadFansApp;
			sourceTree = "<group>";
		};
		7F034FA726D1A62300B46D77 /* Preview Content */ = {
			isa = PBXGroup;
			children = (
				7F034FA826D1A62300B46D77 /* Preview Assets.xcassets */,
			);
			path = "Preview Content";
			sourceTree = "<group>";
		};
		7F034FB226D1EDE300B46D77 /* Models */ = {
			isa = PBXGroup;
			children = (
				7F034FB526D1EF8200B46D77 /* Character.swift */,
				7F034FB926D1EF9100B46D77 /* Episode.swift */,
			);
			path = Models;
			sourceTree = "<group>";
		};
		7F034FB326D1EE3A00B46D77 /* Views */ = {
			isa = PBXGroup;
			children = (
				7F034FBF26D29AF900B46D77 /* CharactersView.swift */,
				7F034FCF26D2A27600B46D77 /* CharacterDetailView.swift */,
				7F034FD226D2B64100B46D77 /* EpisodesView.swift */,
			);
			path = Views;
			sourceTree = "<group>";
		};
		7F034FB426D1EE4800B46D77 /* ViewModels */ = {
			isa = PBXGroup;
			children = (
				7F034FBC26D2994000B46D77 /* CharacterViewModel.swift */,
				7F034FD526D2B6C600B46D77 /* EpisodesViewModel.swift */,
			);
			path = ViewModels;
			sourceTree = "<group>";
		};
/* End PBXGroup section */

/* Begin PBXNativeTarget section */
		7F034F9D26D1A61E00B46D77 /* BreakingBadFansApp */ = {
			isa = PBXNativeTarget;
			buildConfigurationList = 7F034FAD26D1A62300B46D77 /* Build configuration list for PBXNativeTarget "BreakingBadFansApp" */;
			buildPhases = (
				7F034F9A26D1A61E00B46D77 /* Sources */,
				7F034F9B26D1A61E00B46D77 /* Frameworks */,
				7F034F9C26D1A61E00B46D77 /* Resources */,
			);
			buildRules = (
			);
			dependencies = (
			);
			name = BreakingBadFansApp;
			packageProductDependencies = (
				7F034FC326D29D6C00B46D77 /* SDWebImage */,
				7F034FC726D29D8C00B46D77 /* SDWebImageSwiftUI */,
			);
			productName = BreakingBadFansApp;
			productReference = 7F034F9E26D1A61E00B46D77 /* BreakingBadFansApp.app */;
			productType = "com.apple.product-type.application";
		};
/* End PBXNativeTarget section */

/* Begin PBXProject section */
		7F034F9626D1A61E00B46D77 /* Project object */ = {
			isa = PBXProject;
			attributes = {
				LastSwiftUpdateCheck = 1240;
				LastUpgradeCheck = 1240;
				TargetAttributes = {
					7F034F9D26D1A61E00B46D77 = {
						CreatedOnToolsVersion = 12.4;
					};
				};
			};
			buildConfigurationList = 7F034F9926D1A61E00B46D77 /* Build configuration list for PBXProject "BreakingBadFansApp" */;
			compatibilityVersion = "Xcode 9.3";
			developmentRegion = en;
			hasScannedForEncodings = 0;
			knownRegions = (
				en,
				Base,
			);
			mainGroup = 7F034F9526D1A61E00B46D77;
			packageReferences = (
				7F034FC226D29D6C00B46D77 /* XCRemoteSwiftPackageReference "SDWebImage" */,
				7F034FC626D29D8C00B46D77 /* XCRemoteSwiftPackageReference "SDWebImageSwiftUI" */,
			);
			productRefGroup = 7F034F9F26D1A61E00B46D77 /* Products */;
			projectDirPath = "";
			projectRoot = "";
			targets = (
				7F034F9D26D1A61E00B46D77 /* BreakingBadFansApp */,
			);
		};
/* End PBXProject section */

/* Begin PBXResourcesBuildPhase section */
		7F034F9C26D1A61E00B46D77 /* Resources */ = {
			isa = PBXResourcesBuildPhase;
			buildActionMask = 2147483647;
			files = (
				7F034FA926D1A62300B46D77 /* Preview Assets.xcassets in Resources */,
				7F034FA626D1A62300B46D77 /* Assets.xcassets in Resources */,
			);
			runOnlyForDeploymentPostprocessing = 0;
		};
/* End PBXResourcesBuildPhase section */

/* Begin PBXSourcesBuildPhase section */
		7F034F9A26D1A61E00B46D77 /* Sources */ = {
			isa = PBXSourcesBuildPhase;
			buildActionMask = 2147483647;
			files = (
				7F034FB626D1EF8200B46D77 /* Character.swift in Sources */,
				7F034FBD26D2994000B46D77 /* CharacterViewModel.swift in Sources */,
				7F034FD626D2B6C600B46D77 /* EpisodesViewModel.swift in Sources */,
				7F034FC026D29AF900B46D77 /* CharactersView.swift in Sources */,
				7F034FD026D2A27600B46D77 /* CharacterDetailView.swift in Sources */,
				7F034FBA26D1EF9100B46D77 /* Episode.swift in Sources */,
				7F034FA226D1A61E00B46D77 /* BreakingBadFansAppApp.swift in Sources */,
				7F034FD326D2B64100B46D77 /* EpisodesView.swift in Sources */,
			);
			runOnlyForDeploymentPostprocessing = 0;
		};
/* End PBXSourcesBuildPhase section */

/* Begin XCBuildConfiguration section */
		7F034FAB26D1A62300B46D77 /* Debug */ = {
			isa = XCBuildConfiguration;
			buildSettings = {
				ALWAYS_SEARCH_USER_PATHS = NO;
				CLANG_ANALYZER_NONNULL = YES;
				CLANG_ANALYZER_NUMBER_OBJECT_CONVERSION = YES_AGGRESSIVE;
				CLANG_CXX_LANGUAGE_STANDARD = "gnu++14";
				CLANG_CXX_LIBRARY = "libc++";
				CLANG_ENABLE_MODULES = YES;
				CLANG_ENABLE_OBJC_ARC = YES;
				CLANG_ENABLE_OBJC_WEAK = YES;
				CLANG_WARN_BLOCK_CAPTURE_AUTORELEASING = YES;
				CLANG_WARN_BOOL_CONVERSION = YES;
				CLANG_WARN_COMMA = YES;
				CLANG_WARN_CONSTANT_CONVERSION = YES;
				CLANG_WARN_DEPRECATED_OBJC_IMPLEMENTATIONS = YES;
				CLANG_WARN_DIRECT_OBJC_ISA_USAGE = YES_ERROR;
				CLANG_WARN_DOCUMENTATION_COMMENTS = YES;
				CLANG_WARN_EMPTY_BODY = YES;
				CLANG_WARN_ENUM_CONVERSION = YES;
				CLANG_WARN_INFINITE_RECURSION = YES;
				CLANG_WARN_INT_CONVERSION = YES;
				CLANG_WARN_NON_LITERAL_NULL_CONVERSION = YES;
				CLANG_WARN_OBJC_IMPLICIT_RETAIN_SELF = YES;
				CLANG_WARN_OBJC_LITERAL_CONVERSION = YES;
				CLANG_WARN_OBJC_ROOT_CLASS = YES_ERROR;
				CLANG_WARN_QUOTED_INCLUDE_IN_FRAMEWORK_HEADER = YES;
				CLANG_WARN_RANGE_LOOP_ANALYSIS = YES;
				CLANG_WARN_STRICT_PROTOTYPES = YES;
				CLANG_WARN_SUSPICIOUS_MOVE = YES;
				CLANG_WARN_UNGUARDED_AVAILABILITY = YES_AGGRESSIVE;
				CLANG_WARN_UNREACHABLE_CODE = YES;
				CLANG_WARN__DUPLICATE_METHOD_MATCH = YES;
				COPY_PHASE_STRIP = NO;
				DEBUG_INFORMATION_FORMAT = dwarf;
				ENABLE_STRICT_OBJC_MSGSEND = YES;
				ENABLE_TESTABILITY = YES;
				GCC_C_LANGUAGE_STANDARD = gnu11;
				GCC_DYNAMIC_NO_PIC = NO;
				GCC_NO_COMMON_BLOCKS = YES;
				GCC_OPTIMIZATION_LEVEL = 0;
				GCC_PREPROCESSOR_DEFINITIONS = (
					"DEBUG=1",
					"$(inherited)",
				);
				GCC_WARN_64_TO_32_BIT_CONVERSION = YES;
				GCC_WARN_ABOUT_RETURN_TYPE = YES_ERROR;
				GCC_WARN_UNDECLARED_SELECTOR = YES;
				GCC_WARN_UNINITIALIZED_AUTOS = YES_AGGRESSIVE;
				GCC_WARN_UNUSED_FUNCTION = YES;
				GCC_WARN_UNUSED_VARIABLE = YES;
				IPHONEOS_DEPLOYMENT_TARGET = 14.4;
				MTL_ENABLE_DEBUG_INFO = INCLUDE_SOURCE;
				MTL_FAST_MATH = YES;
				ONLY_ACTIVE_ARCH = YES;
				SDKROOT = iphoneos;
				SWIFT_ACTIVE_COMPILATION_CONDITIONS = DEBUG;
				SWIFT_OPTIMIZATION_LEVEL = "-Onone";
			};
			name = Debug;
		};
		7F034FAC26D1A62300B46D77 /* Release */ = {
			isa = XCBuildConfiguration;
			buildSettings = {
				ALWAYS_SEARCH_USER_PATHS = NO;
				CLANG_ANALYZER_NONNULL = YES;
				CLANG_ANALYZER_NUMBER_OBJECT_CONVERSION = YES_AGGRESSIVE;
				CLANG_CXX_LANGUAGE_STANDARD = "gnu++14";
				CLANG_CXX_LIBRARY = "libc++";
				CLANG_ENABLE_MODULES = YES;
				CLANG_ENABLE_OBJC_ARC = YES;
				CLANG_ENABLE_OBJC_WEAK = YES;
				CLANG_WARN_BLOCK_CAPTURE_AUTORELEASING = YES;
				CLANG_WARN_BOOL_CONVERSION = YES;
				CLANG_WARN_COMMA = YES;
				CLANG_WARN_CONSTANT_CONVERSION = YES;
				CLANG_WARN_DEPRECATED_OBJC_IMPLEMENTATIONS = YES;
				CLANG_WARN_DIRECT_OBJC_ISA_USAGE = YES_ERROR;
				CLANG_WARN_DOCUMENTATION_COMMENTS = YES;
				CLANG_WARN_EMPTY_BODY = YES;
				CLANG_WARN_ENUM_CONVERSION = YES;
				CLANG_WARN_INFINITE_RECURSION = YES;
				CLANG_WARN_INT_CONVERSION = YES;
				CLANG_WARN_NON_LITERAL_NULL_CONVERSION = YES;
				CLANG_WARN_OBJC_IMPLICIT_RETAIN_SELF = YES;
				CLANG_WARN_OBJC_LITERAL_CONVERSION = YES;
				CLANG_WARN_OBJC_ROOT_CLASS = YES_ERROR;
				CLANG_WARN_QUOTED_INCLUDE_IN_FRAMEWORK_HEADER = YES;
				CLANG_WARN_RANGE_LOOP_ANALYSIS = YES;
				CLANG_WARN_STRICT_PROTOTYPES = YES;
				CLANG_WARN_SUSPICIOUS_MOVE = YES;
				CLANG_WARN_UNGUARDED_AVAILABILITY = YES_AGGRESSIVE;
				CLANG_WARN_UNREACHABLE_CODE = YES;
				CLANG_WARN__DUPLICATE_METHOD_MATCH = YES;
				COPY_PHASE_STRIP = NO;
				DEBUG_INFORMATION_FORMAT = "dwarf-with-dsym";
				ENABLE_NS_ASSERTIONS = NO;
				ENABLE_STRICT_OBJC_MSGSEND = YES;
				GCC_C_LANGUAGE_STANDARD = gnu11;
				GCC_NO_COMMON_BLOCKS = YES;
				GCC_WARN_64_TO_32_BIT_CONVERSION = YES;
				GCC_WARN_ABOUT_RETURN_TYPE = YES_ERROR;
				GCC_WARN_UNDECLARED_SELECTOR = YES;
				GCC_WARN_UNINITIALIZED_AUTOS = YES_AGGRESSIVE;
				GCC_WARN_UNUSED_FUNCTION = YES;
				GCC_WARN_UNUSED_VARIABLE = YES;
				IPHONEOS_DEPLOYMENT_TARGET = 14.4;
				MTL_ENABLE_DEBUG_INFO = NO;
				MTL_FAST_MATH = YES;
				SDKROOT = iphoneos;
				SWIFT_COMPILATION_MODE = wholemodule;
				SWIFT_OPTIMIZATION_LEVEL = "-O";
				VALIDATE_PRODUCT = YES;
			};
			name = Release;
		};
		7F034FAE26D1A62300B46D77 /* Debug */ = {
			isa = XCBuildConfiguration;
			buildSettings = {
				ASSETCATALOG_COMPILER_APPICON_NAME = AppIcon;
				ASSETCATALOG_COMPILER_GLOBAL_ACCENT_COLOR_NAME = AccentColor;
				CODE_SIGN_STYLE = Automatic;
				DEVELOPMENT_ASSET_PATHS = "\"BreakingBadFansApp/Preview Content\"";
				DEVELOPMENT_TEAM = Z4N77P9X4P;
				ENABLE_PREVIEWS = YES;
				INFOPLIST_FILE = BreakingBadFansApp/Info.plist;
				IPHONEOS_DEPLOYMENT_TARGET = 14.0;
				LD_RUNPATH_SEARCH_PATHS = (
					"$(inherited)",
					"@executable_path/Frameworks",
				);
				PRODUCT_BUNDLE_IDENTIFIER = com.seanwalker.BreakingBadFansApp;
				PRODUCT_NAME = "$(TARGET_NAME)";
				SWIFT_VERSION = 5.0;
				TARGETED_DEVICE_FAMILY = "1,2";
			};
			name = Debug;
		};
		7F034FAF26D1A62300B46D77 /* Release */ = {
			isa = XCBuildConfiguration;
			buildSettings = {
				ASSETCATALOG_COMPILER_APPICON_NAME = AppIcon;
				ASSETCATALOG_COMPILER_GLOBAL_ACCENT_COLOR_NAME = AccentColor;
				CODE_SIGN_STYLE = Automatic;
				DEVELOPMENT_ASSET_PATHS = "\"BreakingBadFansApp/Preview Content\"";
				DEVELOPMENT_TEAM = Z4N77P9X4P;
				ENABLE_PREVIEWS = YES;
				INFOPLIST_FILE = BreakingBadFansApp/Info.plist;
				IPHONEOS_DEPLOYMENT_TARGET = 14.0;
				LD_RUNPATH_SEARCH_PATHS = (
					"$(inherited)",
					"@executable_path/Frameworks",
				);
				PRODUCT_BUNDLE_IDENTIFIER = com.seanwalker.BreakingBadFansApp;
				PRODUCT_NAME = "$(TARGET_NAME)";
				SWIFT_VERSION = 5.0;
				TARGETED_DEVICE_FAMILY = "1,2";
			};
			name = Release;
		};
/* End XCBuildConfiguration section */

/* Begin XCConfigurationList section */
		7F034F9926D1A61E00B46D77 /* Build configuration list for PBXProject "BreakingBadFansApp" */ = {
			isa = XCConfigurationList;
			buildConfigurations = (
				7F034FAB26D1A62300B46D77 /* Debug */,
				7F034FAC26D1A62300B46D77 /* Release */,
			);
			defaultConfigurationIsVisible = 0;
			defaultConfigurationName = Release;
		};
		7F034FAD26D1A62300B46D77 /* Build configuration list for PBXNativeTarget "BreakingBadFansApp" */ = {
			isa = XCConfigurationList;
			buildConfigurations = (
				7F034FAE26D1A62300B46D77 /* Debug */,
				7F034FAF26D1A62300B46D77 /* Release */,
			);
			defaultConfigurationIsVisible = 0;
			defaultConfigurationName = Release;
		};
/* End XCConfigurationList section */

/* Begin XCRemoteSwiftPackageReference section */
		7F034FC226D29D6C00B46D77 /* XCRemoteSwiftPackageReference "SDWebImage" */ = {
			isa = XCRemoteSwiftPackageReference;
			repositoryURL = "https://github.com/SDWebImage/SDWebImage.git";
			requirement = {
				kind = upToNextMajorVersion;
				minimumVersion = 5.11.1;
			};
		};
		7F034FC626D29D8C00B46D77 /* XCRemoteSwiftPackageReference "SDWebImageSwiftUI" */ = {
			isa = XCRemoteSwiftPackageReference;
			repositoryURL = "https://github.com/SDWebImage/SDWebImageSwiftUI";
			requirement = {
				kind = upToNextMajorVersion;
				minimumVersion = 2.0.2;
			};
		};
/* End XCRemoteSwiftPackageReference section */

/* Begin XCSwiftPackageProductDependency section */
		7F034FC326D29D6C00B46D77 /* SDWebImage */ = {
			isa = XCSwiftPackageProductDependency;
			package = 7F034FC226D29D6C00B46D77 /* XCRemoteSwiftPackageReference "SDWebImage" */;
			productName = SDWebImage;
		};
		7F034FC726D29D8C00B46D77 /* SDWebImageSwiftUI */ = {
			isa = XCSwiftPackageProductDependency;
			package = 7F034FC626D29D8C00B46D77 /* XCRemoteSwiftPackageReference "SDWebImageSwiftUI" */;
			productName = SDWebImageSwiftUI;
		};
/* End XCSwiftPackageProductDependency section */
	};
	rootObject = 7F034F9626D1A61E00B46D77 /* Project object */;
}
